
Microsoft Visual Studio Solution File, Format Version 12.00
# Visual Studio Version 17
VisualStudioVersion = 17.1.32328.378
MinimumVisualStudioVersion = 10.0.40219.1
Project("{9092AA53-FB77-4645-B42D-1CCCA6BD08BD}") = "pelase", "pelase\pelase.njsproj", "{C767F94D-936B-4396-923B-2578606BC94F}"
EndProject
Global
	GlobalSection(SolutionConfigurationPlatforms) = preSolution
		Debug|Any CPU = Debug|Any CPU
		Release|Any CPU = Release|Any CPU
	EndGlobalSection
	GlobalSection(ProjectConfigurationPlatforms) = postSolution
		{C767F94D-936B-4396-923B-2578606BC94F}.Debug|Any CPU.ActiveCfg = Debug|Any CPU
		{C767F94D-936B-4396-923B-2578606BC94F}.Debug|Any CPU.Build.0 = Debug|Any CPU
		{C767F94D-936B-4396-923B-2578606BC94F}.Release|Any CPU.ActiveCfg = Release|Any CPU
		{C767F94D-936B-4396-923B-2578606BC94F}.Release|Any CPU.Build.0 = Release|Any CPU
	EndGlobalSection
	GlobalSection(SolutionProperties) = preSolution
		HideSolutionNode = FALSE
	EndGlobalSection
	GlobalSection(ExtensibilityGlobals) = postSolution
		SolutionGuid = {85005CD0-98F0-4ED3-A1C8-C39BCD956B3B}
	EndGlobalSection
EndGlobal
